// !$*UTF8*$!
{
	archiveVersion = 1;
	classes = {
	};
	objectVersion = 46;
	objects = {

/* Begin PBXBuildFile section */
		144699A41CA2A60B00EDA4EC /* Localizable.strings in Resources */ = {isa = PBXBuildFile; fileRef = 144699A61CA2A60B00EDA4EC /* Localizable.strings */; };
		147E46211CA02C770088801F /* main.m in Sources */ = {isa = PBXBuildFile; fileRef = 147E46201CA02C770088801F /* main.m */; };
		147E46241CA02C770088801F /* AppDelegate.m in Sources */ = {isa = PBXBuildFile; fileRef = 147E46231CA02C770088801F /* AppDelegate.m */; };
		147E46271CA02C770088801F /* ViewControllerBeacon.m in Sources */ = {isa = PBXBuildFile; fileRef = 147E46261CA02C770088801F /* ViewControllerBeacon.m */; };
		147E462A1CA02C770088801F /* Main.storyboard in Resources */ = {isa = PBXBuildFile; fileRef = 147E46281CA02C770088801F /* Main.storyboard */; };
		147E462C1CA02C770088801F /* Assets.xcassets in Resources */ = {isa = PBXBuildFile; fileRef = 147E462B1CA02C770088801F /* Assets.xcassets */; };
		147E462F1CA02C770088801F /* LaunchScreen.storyboard in Resources */ = {isa = PBXBuildFile; fileRef = 147E462D1CA02C770088801F /* LaunchScreen.storyboard */; };
		147E463A1CA02C770088801F /* BeaconBoilerPlateTests.m in Sources */ = {isa = PBXBuildFile; fileRef = 147E46391CA02C770088801F /* BeaconBoilerPlateTests.m */; };
		147E46451CA02C770088801F /* BeaconBoilerPlateUITests.m in Sources */ = {isa = PBXBuildFile; fileRef = 147E46441CA02C770088801F /* BeaconBoilerPlateUITests.m */; };
		147E46531CA04E020088801F /* libsqlite3.0.tbd in Frameworks */ = {isa = PBXBuildFile; fileRef = 147E46521CA04E020088801F /* libsqlite3.0.tbd */; };
		14C01AED1CA14806004FEDDE /* CoreLocation.framework in Frameworks */ = {isa = PBXBuildFile; fileRef = 14C01AEC1CA14806004FEDDE /* CoreLocation.framework */; };
		14C01AEF1CA14ADB004FEDDE /* Foundation.framework in Frameworks */ = {isa = PBXBuildFile; fileRef = 14C01AEE1CA14ADB004FEDDE /* Foundation.framework */; };
		14C01B361CA1526C004FEDDE /* CoreBluetooth.framework in Frameworks */ = {isa = PBXBuildFile; fileRef = 14C01B351CA1526C004FEDDE /* CoreBluetooth.framework */; };
		14C01B381CA1528B004FEDDE /* SystemConfiguration.framework in Frameworks */ = {isa = PBXBuildFile; fileRef = 14C01B371CA1528B004FEDDE /* SystemConfiguration.framework */; };
		903C24EF6A83EDDE1188A51E /* Pods_BeaconBoilerPlateTests.framework in Frameworks */ = {isa = PBXBuildFile; fileRef = D4C5A398089A4DB3C137472C /* Pods_BeaconBoilerPlateTests.framework */; };
		BF9849425C1EA9AB2678F176 /* Pods_BeaconBoilerPlateUITests.framework in Frameworks */ = {isa = PBXBuildFile; fileRef = 194B3F30533818E6EF5BF2E3 /* Pods_BeaconBoilerPlateUITests.framework */; };
		E5741A85D5C10F77B9FB1E9E /* Pods_BeaconBoilerPlate.framework in Frameworks */ = {isa = PBXBuildFile; fileRef = F5208B4773C4FA71584A3BA1 /* Pods_BeaconBoilerPlate.framework */; };
/* End PBXBuildFile section */

/* Begin PBXContainerItemProxy section */
		147E46361CA02C770088801F /* PBXContainerItemProxy */ = {
			isa = PBXContainerItemProxy;
			containerPortal = 147E46141CA02C770088801F /* Project object */;
			proxyType = 1;
			remoteGlobalIDString = 147E461B1CA02C770088801F;
			remoteInfo = BeaconBoilerPlate;
		};
		147E46411CA02C770088801F /* PBXContainerItemProxy */ = {
			isa = PBXContainerItemProxy;
			containerPortal = 147E46141CA02C770088801F /* Project object */;
			proxyType = 1;
			remoteGlobalIDString = 147E461B1CA02C770088801F;
			remoteInfo = BeaconBoilerPlate;
		};
/* End PBXContainerItemProxy section */

/* Begin PBXFileReference section */
		0D718E549F7BCF8187A6DA81 /* Pods.release.xcconfig */ = {isa = PBXFileReference; includeInIndex = 1; lastKnownFileType = text.xcconfig; name = Pods.release.xcconfig; path = "Pods/Target Support Files/Pods/Pods.release.xcconfig"; sourceTree = "<group>"; };
		103B24F0B2ABF2995974958E /* Pods-BeaconBoilerPlateTests.debug.xcconfig */ = {isa = PBXFileReference; includeInIndex = 1; lastKnownFileType = text.xcconfig; name = "Pods-BeaconBoilerPlateTests.debug.xcconfig"; path = "Pods/Target Support Files/Pods-BeaconBoilerPlateTests/Pods-BeaconBoilerPlateTests.debug.xcconfig"; sourceTree = "<group>"; };
		144699A51CA2A60B00EDA4EC /* Base */ = {isa = PBXFileReference; lastKnownFileType = text.plist.strings; name = Base; path = Base.lproj/Localizable.strings; sourceTree = "<group>"; };
		144699A71CA2A62700EDA4EC /* fr */ = {isa = PBXFileReference; lastKnownFileType = text.plist.strings; name = fr; path = fr.lproj/Localizable.strings; sourceTree = "<group>"; };
		147E461C1CA02C770088801F /* BeaconBoilerPlate.app */ = {isa = PBXFileReference; explicitFileType = wrapper.application; includeInIndex = 0; path = BeaconBoilerPlate.app; sourceTree = BUILT_PRODUCTS_DIR; };
		147E46201CA02C770088801F /* main.m */ = {isa = PBXFileReference; lastKnownFileType = sourcecode.c.objc; path = main.m; sourceTree = "<group>"; };
		147E46221CA02C770088801F /* AppDelegate.h */ = {isa = PBXFileReference; lastKnownFileType = sourcecode.c.h; path = AppDelegate.h; sourceTree = "<group>"; };
		147E46231CA02C770088801F /* AppDelegate.m */ = {isa = PBXFileReference; lastKnownFileType = sourcecode.c.objc; path = AppDelegate.m; sourceTree = "<group>"; };
		147E46251CA02C770088801F /* ViewControllerBeacon.h */ = {isa = PBXFileReference; lastKnownFileType = sourcecode.c.h; path = ViewControllerBeacon.h; sourceTree = "<group>"; };
		147E46261CA02C770088801F /* ViewControllerBeacon.m */ = {isa = PBXFileReference; lastKnownFileType = sourcecode.c.objc; path = ViewControllerBeacon.m; sourceTree = "<group>"; };
		147E46291CA02C770088801F /* Base */ = {isa = PBXFileReference; lastKnownFileType = file.storyboard; name = Base; path = Base.lproj/Main.storyboard; sourceTree = "<group>"; };
		147E462B1CA02C770088801F /* Assets.xcassets */ = {isa = PBXFileReference; lastKnownFileType = folder.assetcatalog; path = Assets.xcassets; sourceTree = "<group>"; };
		147E462E1CA02C770088801F /* Base */ = {isa = PBXFileReference; lastKnownFileType = file.storyboard; name = Base; path = Base.lproj/LaunchScreen.storyboard; sourceTree = "<group>"; };
		147E46301CA02C770088801F /* Info.plist */ = {isa = PBXFileReference; lastKnownFileType = text.plist.xml; path = Info.plist; sourceTree = "<group>"; };
		147E46351CA02C770088801F /* BeaconBoilerPlateTests.xctest */ = {isa = PBXFileReference; explicitFileType = wrapper.cfbundle; includeInIndex = 0; path = BeaconBoilerPlateTests.xctest; sourceTree = BUILT_PRODUCTS_DIR; };
		147E46391CA02C770088801F /* BeaconBoilerPlateTests.m */ = {isa = PBXFileReference; lastKnownFileType = sourcecode.c.objc; path = BeaconBoilerPlateTests.m; sourceTree = "<group>"; };
		147E463B1CA02C770088801F /* Info.plist */ = {isa = PBXFileReference; lastKnownFileType = text.plist.xml; path = Info.plist; sourceTree = "<group>"; };
		147E46401CA02C770088801F /* BeaconBoilerPlateUITests.xctest */ = {isa = PBXFileReference; explicitFileType = wrapper.cfbundle; includeInIndex = 0; path = BeaconBoilerPlateUITests.xctest; sourceTree = BUILT_PRODUCTS_DIR; };
		147E46441CA02C770088801F /* BeaconBoilerPlateUITests.m */ = {isa = PBXFileReference; lastKnownFileType = sourcecode.c.objc; path = BeaconBoilerPlateUITests.m; sourceTree = "<group>"; };
		147E46461CA02C770088801F /* Info.plist */ = {isa = PBXFileReference; lastKnownFileType = text.plist.xml; path = Info.plist; sourceTree = "<group>"; };
		147E46521CA04E020088801F /* libsqlite3.0.tbd */ = {isa = PBXFileReference; lastKnownFileType = "sourcecode.text-based-dylib-definition"; name = libsqlite3.0.tbd; path = usr/lib/libsqlite3.0.tbd; sourceTree = SDKROOT; };
		14C01AEC1CA14806004FEDDE /* CoreLocation.framework */ = {isa = PBXFileReference; lastKnownFileType = wrapper.framework; name = CoreLocation.framework; path = System/Library/Frameworks/CoreLocation.framework; sourceTree = SDKROOT; };
		14C01AEE1CA14ADB004FEDDE /* Foundation.framework */ = {isa = PBXFileReference; lastKnownFileType = wrapper.framework; name = Foundation.framework; path = System/Library/Frameworks/Foundation.framework; sourceTree = SDKROOT; };
		14C01B351CA1526C004FEDDE /* CoreBluetooth.framework */ = {isa = PBXFileReference; lastKnownFileType = wrapper.framework; name = CoreBluetooth.framework; path = System/Library/Frameworks/CoreBluetooth.framework; sourceTree = SDKROOT; };
		14C01B371CA1528B004FEDDE /* SystemConfiguration.framework */ = {isa = PBXFileReference; lastKnownFileType = wrapper.framework; name = SystemConfiguration.framework; path = System/Library/Frameworks/SystemConfiguration.framework; sourceTree = SDKROOT; };
		194B3F30533818E6EF5BF2E3 /* Pods_BeaconBoilerPlateUITests.framework */ = {isa = PBXFileReference; explicitFileType = wrapper.framework; includeInIndex = 0; path = Pods_BeaconBoilerPlateUITests.framework; sourceTree = BUILT_PRODUCTS_DIR; };
		2FC318E4C36BF15323915BF6 /* Pods-BeaconBoilerPlateUITests.debug.xcconfig */ = {isa = PBXFileReference; includeInIndex = 1; lastKnownFileType = text.xcconfig; name = "Pods-BeaconBoilerPlateUITests.debug.xcconfig"; path = "Pods/Target Support Files/Pods-BeaconBoilerPlateUITests/Pods-BeaconBoilerPlateUITests.debug.xcconfig"; sourceTree = "<group>"; };
		778C0F3517C7CAD159E56602 /* Pods-BeaconBoilerPlateTests.release.xcconfig */ = {isa = PBXFileReference; includeInIndex = 1; lastKnownFileType = text.xcconfig; name = "Pods-BeaconBoilerPlateTests.release.xcconfig"; path = "Pods/Target Support Files/Pods-BeaconBoilerPlateTests/Pods-BeaconBoilerPlateTests.release.xcconfig"; sourceTree = "<group>"; };
		A649E2DDDBDCD2F306C48281 /* Pods-BeaconBoilerPlate.debug.xcconfig */ = {isa = PBXFileReference; includeInIndex = 1; lastKnownFileType = text.xcconfig; name = "Pods-BeaconBoilerPlate.debug.xcconfig"; path = "Pods/Target Support Files/Pods-BeaconBoilerPlate/Pods-BeaconBoilerPlate.debug.xcconfig"; sourceTree = "<group>"; };
		B82BFDF66D9CEBD94B55E2B8 /* Pods.debug.xcconfig */ = {isa = PBXFileReference; includeInIndex = 1; lastKnownFileType = text.xcconfig; name = Pods.debug.xcconfig; path = "Pods/Target Support Files/Pods/Pods.debug.xcconfig"; sourceTree = "<group>"; };
		BB45A0990861F9326B0F083B /* libPods.a */ = {isa = PBXFileReference; explicitFileType = archive.ar; includeInIndex = 0; path = libPods.a; sourceTree = BUILT_PRODUCTS_DIR; };
		D4C5A398089A4DB3C137472C /* Pods_BeaconBoilerPlateTests.framework */ = {isa = PBXFileReference; explicitFileType = wrapper.framework; includeInIndex = 0; path = Pods_BeaconBoilerPlateTests.framework; sourceTree = BUILT_PRODUCTS_DIR; };
		E9B9CFDDE41EF3C65CC75990 /* Pods-BeaconBoilerPlate.release.xcconfig */ = {isa = PBXFileReference; includeInIndex = 1; lastKnownFileType = text.xcconfig; name = "Pods-BeaconBoilerPlate.release.xcconfig"; path = "Pods/Target Support Files/Pods-BeaconBoilerPlate/Pods-BeaconBoilerPlate.release.xcconfig"; sourceTree = "<group>"; };
		ECC30FB2E70AC4837AEC43E6 /* Pods-BeaconBoilerPlateUITests.release.xcconfig */ = {isa = PBXFileReference; includeInIndex = 1; lastKnownFileType = text.xcconfig; name = "Pods-BeaconBoilerPlateUITests.release.xcconfig"; path = "Pods/Target Support Files/Pods-BeaconBoilerPlateUITests/Pods-BeaconBoilerPlateUITests.release.xcconfig"; sourceTree = "<group>"; };
		F5208B4773C4FA71584A3BA1 /* Pods_BeaconBoilerPlate.framework */ = {isa = PBXFileReference; explicitFileType = wrapper.framework; includeInIndex = 0; path = Pods_BeaconBoilerPlate.framework; sourceTree = BUILT_PRODUCTS_DIR; };
/* End PBXFileReference section */

/* Begin PBXFrameworksBuildPhase section */
		147E46191CA02C770088801F /* Frameworks */ = {
			isa = PBXFrameworksBuildPhase;
			buildActionMask = 2147483647;
			files = (
				14C01AEF1CA14ADB004FEDDE /* Foundation.framework in Frameworks */,
				14C01B381CA1528B004FEDDE /* SystemConfiguration.framework in Frameworks */,
				14C01B361CA1526C004FEDDE /* CoreBluetooth.framework in Frameworks */,
				14C01AED1CA14806004FEDDE /* CoreLocation.framework in Frameworks */,
				147E46531CA04E020088801F /* libsqlite3.0.tbd in Frameworks */,
				E5741A85D5C10F77B9FB1E9E /* Pods_BeaconBoilerPlate.framework in Frameworks */,
			);
			runOnlyForDeploymentPostprocessing = 0;
		};
		147E46321CA02C770088801F /* Frameworks */ = {
			isa = PBXFrameworksBuildPhase;
			buildActionMask = 2147483647;
			files = (
				903C24EF6A83EDDE1188A51E /* Pods_BeaconBoilerPlateTests.framework in Frameworks */,
			);
			runOnlyForDeploymentPostprocessing = 0;
		};
		147E463D1CA02C770088801F /* Frameworks */ = {
			isa = PBXFrameworksBuildPhase;
			buildActionMask = 2147483647;
			files = (
				BF9849425C1EA9AB2678F176 /* Pods_BeaconBoilerPlateUITests.framework in Frameworks */,
			);
			runOnlyForDeploymentPostprocessing = 0;
		};
/* End PBXFrameworksBuildPhase section */

/* Begin PBXGroup section */
		147E46131CA02C770088801F = {
			isa = PBXGroup;
			children = (
				147E461E1CA02C770088801F /* BeaconBoilerPlate */,
				147E46381CA02C770088801F /* BeaconBoilerPlateTests */,
				147E46431CA02C770088801F /* BeaconBoilerPlateUITests */,
				147E461D1CA02C770088801F /* Products */,
				E8D6EB8C5F72982972765AEC /* Pods */,
				41CAEF88A77C3DBABA4E4709 /* Frameworks */,
			);
			sourceTree = "<group>";
		};
		147E461D1CA02C770088801F /* Products */ = {
			isa = PBXGroup;
			children = (
				147E461C1CA02C770088801F /* BeaconBoilerPlate.app */,
				147E46351CA02C770088801F /* BeaconBoilerPlateTests.xctest */,
				147E46401CA02C770088801F /* BeaconBoilerPlateUITests.xctest */,
			);
			name = Products;
			sourceTree = "<group>";
		};
		147E461E1CA02C770088801F /* BeaconBoilerPlate */ = {
			isa = PBXGroup;
			children = (
				147E46221CA02C770088801F /* AppDelegate.h */,
				147E46231CA02C770088801F /* AppDelegate.m */,
				147E46251CA02C770088801F /* ViewControllerBeacon.h */,
				147E46261CA02C770088801F /* ViewControllerBeacon.m */,
				147E46281CA02C770088801F /* Main.storyboard */,
				147E462B1CA02C770088801F /* Assets.xcassets */,
				147E462D1CA02C770088801F /* LaunchScreen.storyboard */,
				147E46301CA02C770088801F /* Info.plist */,
				147E461F1CA02C770088801F /* Supporting Files */,
			);
			path = BeaconBoilerPlate;
			sourceTree = "<group>";
		};
		147E461F1CA02C770088801F /* Supporting Files */ = {
			isa = PBXGroup;
			children = (
				147E46201CA02C770088801F /* main.m */,
				144699A61CA2A60B00EDA4EC /* Localizable.strings */,
			);
			name = "Supporting Files";
			sourceTree = "<group>";
		};
		147E46381CA02C770088801F /* BeaconBoilerPlateTests */ = {
			isa = PBXGroup;
			children = (
				147E46391CA02C770088801F /* BeaconBoilerPlateTests.m */,
				147E463B1CA02C770088801F /* Info.plist */,
			);
			path = BeaconBoilerPlateTests;
			sourceTree = "<group>";
		};
		147E46431CA02C770088801F /* BeaconBoilerPlateUITests */ = {
			isa = PBXGroup;
			children = (
				147E46441CA02C770088801F /* BeaconBoilerPlateUITests.m */,
				147E46461CA02C770088801F /* Info.plist */,
			);
			path = BeaconBoilerPlateUITests;
			sourceTree = "<group>";
		};
		41CAEF88A77C3DBABA4E4709 /* Frameworks */ = {
			isa = PBXGroup;
			children = (
				14C01B371CA1528B004FEDDE /* SystemConfiguration.framework */,
				14C01B351CA1526C004FEDDE /* CoreBluetooth.framework */,
				14C01AEE1CA14ADB004FEDDE /* Foundation.framework */,
				14C01AEC1CA14806004FEDDE /* CoreLocation.framework */,
				147E46521CA04E020088801F /* libsqlite3.0.tbd */,
				BB45A0990861F9326B0F083B /* libPods.a */,
				F5208B4773C4FA71584A3BA1 /* Pods_BeaconBoilerPlate.framework */,
				D4C5A398089A4DB3C137472C /* Pods_BeaconBoilerPlateTests.framework */,
				194B3F30533818E6EF5BF2E3 /* Pods_BeaconBoilerPlateUITests.framework */,
			);
			name = Frameworks;
			sourceTree = "<group>";
		};
		E8D6EB8C5F72982972765AEC /* Pods */ = {
			isa = PBXGroup;
			children = (
				B82BFDF66D9CEBD94B55E2B8 /* Pods.debug.xcconfig */,
				0D718E549F7BCF8187A6DA81 /* Pods.release.xcconfig */,
				A649E2DDDBDCD2F306C48281 /* Pods-BeaconBoilerPlate.debug.xcconfig */,
				E9B9CFDDE41EF3C65CC75990 /* Pods-BeaconBoilerPlate.release.xcconfig */,
				103B24F0B2ABF2995974958E /* Pods-BeaconBoilerPlateTests.debug.xcconfig */,
				778C0F3517C7CAD159E56602 /* Pods-BeaconBoilerPlateTests.release.xcconfig */,
				2FC318E4C36BF15323915BF6 /* Pods-BeaconBoilerPlateUITests.debug.xcconfig */,
				ECC30FB2E70AC4837AEC43E6 /* Pods-BeaconBoilerPlateUITests.release.xcconfig */,
			);
			name = Pods;
			sourceTree = "<group>";
		};
/* End PBXGroup section */

/* Begin PBXNativeTarget section */
		147E461B1CA02C770088801F /* BeaconBoilerPlate */ = {
			isa = PBXNativeTarget;
			buildConfigurationList = 147E46491CA02C770088801F /* Build configuration list for PBXNativeTarget "BeaconBoilerPlate" */;
			buildPhases = (
				5D25E057F5AD6F5E9BCBDAB6 /* [CP] Check Pods Manifest.lock */,
				147E46181CA02C770088801F /* Sources */,
				147E46191CA02C770088801F /* Frameworks */,
				147E461A1CA02C770088801F /* Resources */,
				B64952417427FD90014C9E68 /* [CP] Embed Pods Frameworks */,
				4CC3EC64683170D5EAB14855 /* [CP] Copy Pods Resources */,
			);
			buildRules = (
			);
			dependencies = (
			);
			name = BeaconBoilerPlate;
			productName = BeaconBoilerPlate;
			productReference = 147E461C1CA02C770088801F /* BeaconBoilerPlate.app */;
			productType = "com.apple.product-type.application";
		};
		147E46341CA02C770088801F /* BeaconBoilerPlateTests */ = {
			isa = PBXNativeTarget;
			buildConfigurationList = 147E464C1CA02C770088801F /* Build configuration list for PBXNativeTarget "BeaconBoilerPlateTests" */;
			buildPhases = (
				7300750C5A6B4EBFC0C13D29 /* [CP] Check Pods Manifest.lock */,
				147E46311CA02C770088801F /* Sources */,
				147E46321CA02C770088801F /* Frameworks */,
				147E46331CA02C770088801F /* Resources */,
				853ACD74DE64416DE8EF5360 /* [CP] Embed Pods Frameworks */,
				CFBC56A809AD9CC8E3DF263A /* [CP] Copy Pods Resources */,
			);
			buildRules = (
			);
			dependencies = (
				147E46371CA02C770088801F /* PBXTargetDependency */,
			);
			name = BeaconBoilerPlateTests;
			productName = BeaconBoilerPlateTests;
			productReference = 147E46351CA02C770088801F /* BeaconBoilerPlateTests.xctest */;
			productType = "com.apple.product-type.bundle.unit-test";
		};
		147E463F1CA02C770088801F /* BeaconBoilerPlateUITests */ = {
			isa = PBXNativeTarget;
			buildConfigurationList = 147E464F1CA02C770088801F /* Build configuration list for PBXNativeTarget "BeaconBoilerPlateUITests" */;
			buildPhases = (
				628DB0E62391D61F64458BED /* [CP] Check Pods Manifest.lock */,
				147E463C1CA02C770088801F /* Sources */,
				147E463D1CA02C770088801F /* Frameworks */,
				147E463E1CA02C770088801F /* Resources */,
				D02AF3351ED6837F8C148A10 /* [CP] Copy Pods Resources */,
				81D657D68F3A3B81F3DB9BFE /* [CP] Embed Pods Frameworks */,
			);
			buildRules = (
			);
			dependencies = (
				147E46421CA02C770088801F /* PBXTargetDependency */,
			);
			name = BeaconBoilerPlateUITests;
			productName = BeaconBoilerPlateUITests;
			productReference = 147E46401CA02C770088801F /* BeaconBoilerPlateUITests.xctest */;
			productType = "com.apple.product-type.bundle.ui-testing";
		};
/* End PBXNativeTarget section */

/* Begin PBXProject section */
		147E46141CA02C770088801F /* Project object */ = {
			isa = PBXProject;
			attributes = {
				LastUpgradeCheck = 0720;
				ORGANIZATIONNAME = "sarra srairi";
				TargetAttributes = {
					147E461B1CA02C770088801F = {
						CreatedOnToolsVersion = 7.2;
						SystemCapabilities = {
							com.apple.BackgroundModes = {
								enabled = 0;
							};
						};
					};
					147E46341CA02C770088801F = {
						CreatedOnToolsVersion = 7.2;
						TestTargetID = 147E461B1CA02C770088801F;
					};
					147E463F1CA02C770088801F = {
						CreatedOnToolsVersion = 7.2;
						TestTargetID = 147E461B1CA02C770088801F;
					};
				};
			};
			buildConfigurationList = 147E46171CA02C770088801F /* Build configuration list for PBXProject "BeaconBoilerPlate" */;
			compatibilityVersion = "Xcode 3.2";
			developmentRegion = English;
			hasScannedForEncodings = 0;
			knownRegions = (
				Base,
				fr,
			);
			mainGroup = 147E46131CA02C770088801F;
			productRefGroup = 147E461D1CA02C770088801F /* Products */;
			projectDirPath = "";
			projectRoot = "";
			targets = (
				147E461B1CA02C770088801F /* BeaconBoilerPlate */,
				147E46341CA02C770088801F /* BeaconBoilerPlateTests */,
				147E463F1CA02C770088801F /* BeaconBoilerPlateUITests */,
			);
		};
/* End PBXProject section */

/* Begin PBXResourcesBuildPhase section */
		147E461A1CA02C770088801F /* Resources */ = {
			isa = PBXResourcesBuildPhase;
			buildActionMask = 2147483647;
			files = (
				147E462F1CA02C770088801F /* LaunchScreen.storyboard in Resources */,
				144699A41CA2A60B00EDA4EC /* Localizable.strings in Resources */,
				147E462C1CA02C770088801F /* Assets.xcassets in Resources */,
				147E462A1CA02C770088801F /* Main.storyboard in Resources */,
			);
			runOnlyForDeploymentPostprocessing = 0;
		};
		147E46331CA02C770088801F /* Resources */ = {
			isa = PBXResourcesBuildPhase;
			buildActionMask = 2147483647;
			files = (
			);
			runOnlyForDeploymentPostprocessing = 0;
		};
		147E463E1CA02C770088801F /* Resources */ = {
			isa = PBXResourcesBuildPhase;
			buildActionMask = 2147483647;
			files = (
			);
			runOnlyForDeploymentPostprocessing = 0;
		};
/* End PBXResourcesBuildPhase section */

/* Begin PBXShellScriptBuildPhase section */
		4CC3EC64683170D5EAB14855 /* [CP] Copy Pods Resources */ = {
			isa = PBXShellScriptBuildPhase;
			buildActionMask = 2147483647;
			files = (
			);
			inputPaths = (
			);
			name = "[CP] Copy Pods Resources";
			outputPaths = (
			);
			runOnlyForDeploymentPostprocessing = 0;
			shellPath = /bin/sh;
			shellScript = "\"${SRCROOT}/Pods/Target Support Files/Pods-BeaconBoilerPlate/Pods-BeaconBoilerPlate-resources.sh\"\n";
			showEnvVarsInLog = 0;
		};
		5D25E057F5AD6F5E9BCBDAB6 /* [CP] Check Pods Manifest.lock */ = {
			isa = PBXShellScriptBuildPhase;
			buildActionMask = 2147483647;
			files = (
			);
			inputPaths = (
			);
			name = "[CP] Check Pods Manifest.lock";
			outputPaths = (
			);
			runOnlyForDeploymentPostprocessing = 0;
			shellPath = /bin/sh;
			shellScript = "diff \"${PODS_ROOT}/../Podfile.lock\" \"${PODS_ROOT}/Manifest.lock\" > /dev/null\nif [ $? != 0 ] ; then\n    # print error to STDERR\n    echo \"error: The sandbox is not in sync with the Podfile.lock. Run 'pod install' or update your CocoaPods installation.\" >&2\n    exit 1\nfi\n";
			showEnvVarsInLog = 0;
		};
		628DB0E62391D61F64458BED /* [CP] Check Pods Manifest.lock */ = {
			isa = PBXShellScriptBuildPhase;
			buildActionMask = 2147483647;
			files = (
			);
			inputPaths = (
			);
			name = "[CP] Check Pods Manifest.lock";
			outputPaths = (
			);
			runOnlyForDeploymentPostprocessing = 0;
			shellPath = /bin/sh;
			shellScript = "diff \"${PODS_ROOT}/../Podfile.lock\" \"${PODS_ROOT}/Manifest.lock\" > /dev/null\nif [ $? != 0 ] ; then\n    # print error to STDERR\n    echo \"error: The sandbox is not in sync with the Podfile.lock. Run 'pod install' or update your CocoaPods installation.\" >&2\n    exit 1\nfi\n";
			showEnvVarsInLog = 0;
		};
		7300750C5A6B4EBFC0C13D29 /* [CP] Check Pods Manifest.lock */ = {
			isa = PBXShellScriptBuildPhase;
			buildActionMask = 2147483647;
			files = (
			);
			inputPaths = (
			);
			name = "[CP] Check Pods Manifest.lock";
			outputPaths = (
			);
			runOnlyForDeploymentPostprocessing = 0;
			shellPath = /bin/sh;
			shellScript = "diff \"${PODS_ROOT}/../Podfile.lock\" \"${PODS_ROOT}/Manifest.lock\" > /dev/null\nif [ $? != 0 ] ; then\n    # print error to STDERR\n    echo \"error: The sandbox is not in sync with the Podfile.lock. Run 'pod install' or update your CocoaPods installation.\" >&2\n    exit 1\nfi\n";
			showEnvVarsInLog = 0;
		};
		81D657D68F3A3B81F3DB9BFE /* [CP] Embed Pods Frameworks */ = {
			isa = PBXShellScriptBuildPhase;
			buildActionMask = 2147483647;
			files = (
			);
			inputPaths = (
			);
			name = "[CP] Embed Pods Frameworks";
			outputPaths = (
			);
			runOnlyForDeploymentPostprocessing = 0;
			shellPath = /bin/sh;
			shellScript = "\"${SRCROOT}/Pods/Target Support Files/Pods-BeaconBoilerPlateUITests/Pods-BeaconBoilerPlateUITests-frameworks.sh\"\n";
			showEnvVarsInLog = 0;
		};
		853ACD74DE64416DE8EF5360 /* [CP] Embed Pods Frameworks */ = {
			isa = PBXShellScriptBuildPhase;
			buildActionMask = 2147483647;
			files = (
			);
			inputPaths = (
			);
			name = "[CP] Embed Pods Frameworks";
			outputPaths = (
			);
			runOnlyForDeploymentPostprocessing = 0;
			shellPath = /bin/sh;
			shellScript = "\"${SRCROOT}/Pods/Target Support Files/Pods-BeaconBoilerPlateTests/Pods-BeaconBoilerPlateTests-frameworks.sh\"\n";
			showEnvVarsInLog = 0;
		};
		B64952417427FD90014C9E68 /* [CP] Embed Pods Frameworks */ = {
			isa = PBXShellScriptBuildPhase;
			buildActionMask = 2147483647;
			files = (
			);
			inputPaths = (
			);
			name = "[CP] Embed Pods Frameworks";
			outputPaths = (
			);
			runOnlyForDeploymentPostprocessing = 0;
			shellPath = /bin/sh;
			shellScript = "\"${SRCROOT}/Pods/Target Support Files/Pods-BeaconBoilerPlate/Pods-BeaconBoilerPlate-frameworks.sh\"\n";
			showEnvVarsInLog = 0;
		};
		CFBC56A809AD9CC8E3DF263A /* [CP] Copy Pods Resources */ = {
			isa = PBXShellScriptBuildPhase;
			buildActionMask = 2147483647;
			files = (
			);
			inputPaths = (
			);
			name = "[CP] Copy Pods Resources";
			outputPaths = (
			);
			runOnlyForDeploymentPostprocessing = 0;
			shellPath = /bin/sh;
			shellScript = "\"${SRCROOT}/Pods/Target Support Files/Pods-BeaconBoilerPlateTests/Pods-BeaconBoilerPlateTests-resources.sh\"\n";
			showEnvVarsInLog = 0;
		};
		D02AF3351ED6837F8C148A10 /* [CP] Copy Pods Resources */ = {
			isa = PBXShellScriptBuildPhase;
			buildActionMask = 2147483647;
			files = (
			);
			inputPaths = (
			);
			name = "[CP] Copy Pods Resources";
			outputPaths = (
			);
			runOnlyForDeploymentPostprocessing = 0;
			shellPath = /bin/sh;
			shellScript = "\"${SRCROOT}/Pods/Target Support Files/Pods-BeaconBoilerPlateUITests/Pods-BeaconBoilerPlateUITests-resources.sh\"\n";
			showEnvVarsInLog = 0;
		};
/* End PBXShellScriptBuildPhase section */

/* Begin PBXSourcesBuildPhase section */
		147E46181CA02C770088801F /* Sources */ = {
			isa = PBXSourcesBuildPhase;
			buildActionMask = 2147483647;
			files = (
				147E46271CA02C770088801F /* ViewControllerBeacon.m in Sources */,
				147E46241CA02C770088801F /* AppDelegate.m in Sources */,
				147E46211CA02C770088801F /* main.m in Sources */,
			);
			runOnlyForDeploymentPostprocessing = 0;
		};
		147E46311CA02C770088801F /* Sources */ = {
			isa = PBXSourcesBuildPhase;
			buildActionMask = 2147483647;
			files = (
				147E463A1CA02C770088801F /* BeaconBoilerPlateTests.m in Sources */,
			);
			runOnlyForDeploymentPostprocessing = 0;
		};
		147E463C1CA02C770088801F /* Sources */ = {
			isa = PBXSourcesBuildPhase;
			buildActionMask = 2147483647;
			files = (
				147E46451CA02C770088801F /* BeaconBoilerPlateUITests.m in Sources */,
			);
			runOnlyForDeploymentPostprocessing = 0;
		};
/* End PBXSourcesBuildPhase section */

/* Begin PBXTargetDependency section */
		147E46371CA02C770088801F /* PBXTargetDependency */ = {
			isa = PBXTargetDependency;
			target = 147E461B1CA02C770088801F /* BeaconBoilerPlate */;
			targetProxy = 147E46361CA02C770088801F /* PBXContainerItemProxy */;
		};
		147E46421CA02C770088801F /* PBXTargetDependency */ = {
			isa = PBXTargetDependency;
			target = 147E461B1CA02C770088801F /* BeaconBoilerPlate */;
			targetProxy = 147E46411CA02C770088801F /* PBXContainerItemProxy */;
		};
/* End PBXTargetDependency section */

/* Begin PBXVariantGroup section */
		144699A61CA2A60B00EDA4EC /* Localizable.strings */ = {
			isa = PBXVariantGroup;
			children = (
				144699A51CA2A60B00EDA4EC /* Base */,
				144699A71CA2A62700EDA4EC /* fr */,
			);
			name = Localizable.strings;
			sourceTree = "<group>";
		};
		147E46281CA02C770088801F /* Main.storyboard */ = {
			isa = PBXVariantGroup;
			children = (
				147E46291CA02C770088801F /* Base */,
			);
			name = Main.storyboard;
			sourceTree = "<group>";
		};
		147E462D1CA02C770088801F /* LaunchScreen.storyboard */ = {
			isa = PBXVariantGroup;
			children = (
				147E462E1CA02C770088801F /* Base */,
			);
			name = LaunchScreen.storyboard;
			sourceTree = "<group>";
		};
/* End PBXVariantGroup section */

/* Begin XCBuildConfiguration section */
		147E46471CA02C770088801F /* Debug */ = {
			isa = XCBuildConfiguration;
			buildSettings = {
				ALWAYS_SEARCH_USER_PATHS = NO;
				CLANG_CXX_LANGUAGE_STANDARD = "gnu++0x";
				CLANG_CXX_LIBRARY = "libc++";
				CLANG_ENABLE_MODULES = YES;
				CLANG_ENABLE_OBJC_ARC = YES;
				CLANG_WARN_BOOL_CONVERSION = YES;
				CLANG_WARN_CONSTANT_CONVERSION = YES;
				CLANG_WARN_DIRECT_OBJC_ISA_USAGE = YES_ERROR;
				CLANG_WARN_EMPTY_BODY = YES;
				CLANG_WARN_ENUM_CONVERSION = YES;
				CLANG_WARN_INT_CONVERSION = YES;
				CLANG_WARN_OBJC_ROOT_CLASS = YES_ERROR;
				CLANG_WARN_UNREACHABLE_CODE = YES;
				CLANG_WARN__DUPLICATE_METHOD_MATCH = YES;
				"CODE_SIGN_IDENTITY[sdk=iphoneos*]" = "iPhone Developer";
				COPY_PHASE_STRIP = NO;
				DEBUG_INFORMATION_FORMAT = dwarf;
				ENABLE_STRICT_OBJC_MSGSEND = YES;
				ENABLE_TESTABILITY = YES;
				GCC_C_LANGUAGE_STANDARD = gnu99;
				GCC_DYNAMIC_NO_PIC = NO;
				GCC_NO_COMMON_BLOCKS = YES;
				GCC_OPTIMIZATION_LEVEL = 0;
				GCC_PREPROCESSOR_DEFINITIONS = (
					"DEBUG=1",
					"$(inherited)",
				);
				GCC_WARN_64_TO_32_BIT_CONVERSION = YES;
				GCC_WARN_ABOUT_RETURN_TYPE = YES_ERROR;
				GCC_WARN_UNDECLARED_SELECTOR = YES;
				GCC_WARN_UNINITIALIZED_AUTOS = YES_AGGRESSIVE;
				GCC_WARN_UNUSED_FUNCTION = YES;
				GCC_WARN_UNUSED_VARIABLE = YES;
				IPHONEOS_DEPLOYMENT_TARGET = 9.2;
				MTL_ENABLE_DEBUG_INFO = YES;
				ONLY_ACTIVE_ARCH = YES;
				SDKROOT = iphoneos;
				TARGETED_DEVICE_FAMILY = "1,2";
			};
			name = Debug;
		};
		147E46481CA02C770088801F /* Release */ = {
			isa = XCBuildConfiguration;
			buildSettings = {
				ALWAYS_SEARCH_USER_PATHS = NO;
				CLANG_CXX_LANGUAGE_STANDARD = "gnu++0x";
				CLANG_CXX_LIBRARY = "libc++";
				CLANG_ENABLE_MODULES = YES;
				CLANG_ENABLE_OBJC_ARC = YES;
				CLANG_WARN_BOOL_CONVERSION = YES;
				CLANG_WARN_CONSTANT_CONVERSION = YES;
				CLANG_WARN_DIRECT_OBJC_ISA_USAGE = YES_ERROR;
				CLANG_WARN_EMPTY_BODY = YES;
				CLANG_WARN_ENUM_CONVERSION = YES;
				CLANG_WARN_INT_CONVERSION = YES;
				CLANG_WARN_OBJC_ROOT_CLASS = YES_ERROR;
				CLANG_WARN_UNREACHABLE_CODE = YES;
				CLANG_WARN__DUPLICATE_METHOD_MATCH = YES;
				"CODE_SIGN_IDENTITY[sdk=iphoneos*]" = "iPhone Developer";
				COPY_PHASE_STRIP = NO;
				DEBUG_INFORMATION_FORMAT = "dwarf-with-dsym";
				ENABLE_NS_ASSERTIONS = NO;
				ENABLE_STRICT_OBJC_MSGSEND = YES;
				GCC_C_LANGUAGE_STANDARD = gnu99;
				GCC_NO_COMMON_BLOCKS = YES;
				GCC_WARN_64_TO_32_BIT_CONVERSION = YES;
				GCC_WARN_ABOUT_RETURN_TYPE = YES_ERROR;
				GCC_WARN_UNDECLARED_SELECTOR = YES;
				GCC_WARN_UNINITIALIZED_AUTOS = YES_AGGRESSIVE;
				GCC_WARN_UNUSED_FUNCTION = YES;
				GCC_WARN_UNUSED_VARIABLE = YES;
				IPHONEOS_DEPLOYMENT_TARGET = 9.2;
				MTL_ENABLE_DEBUG_INFO = NO;
				SDKROOT = iphoneos;
				TARGETED_DEVICE_FAMILY = "1,2";
				VALIDATE_PRODUCT = YES;
			};
			name = Release;
		};
		147E464A1CA02C770088801F /* Debug */ = {
			isa = XCBuildConfiguration;
			baseConfigurationReference = A649E2DDDBDCD2F306C48281 /* Pods-BeaconBoilerPlate.debug.xcconfig */;
			buildSettings = {
				ASSETCATALOG_COMPILER_APPICON_NAME = AppIcon;
				INFOPLIST_FILE = BeaconBoilerPlate/Info.plist;
				IPHONEOS_DEPLOYMENT_TARGET = 8.0;
				LD_RUNPATH_SEARCH_PATHS = "$(inherited) @executable_path/Frameworks";
				PRODUCT_BUNDLE_IDENTIFIER = com.connecthings.BeaconBoilerPlate;
				PRODUCT_NAME = "$(TARGET_NAME)";
			};
			name = Debug;
		};
		147E464B1CA02C770088801F /* Release */ = {
			isa = XCBuildConfiguration;
			baseConfigurationReference = E9B9CFDDE41EF3C65CC75990 /* Pods-BeaconBoilerPlate.release.xcconfig */;
			buildSettings = {
				ASSETCATALOG_COMPILER_APPICON_NAME = AppIcon;
				INFOPLIST_FILE = BeaconBoilerPlate/Info.plist;
				IPHONEOS_DEPLOYMENT_TARGET = 8.0;
				LD_RUNPATH_SEARCH_PATHS = "$(inherited) @executable_path/Frameworks";
				PRODUCT_BUNDLE_IDENTIFIER = com.connecthings.BeaconBoilerPlate;
				PRODUCT_NAME = "$(TARGET_NAME)";
			};
			name = Release;
		};
		147E464D1CA02C770088801F /* Debug */ = {
			isa = XCBuildConfiguration;
			baseConfigurationReference = 103B24F0B2ABF2995974958E /* Pods-BeaconBoilerPlateTests.debug.xcconfig */;
			buildSettings = {
				BUNDLE_LOADER = "$(TEST_HOST)";
				INFOPLIST_FILE = BeaconBoilerPlateTests/Info.plist;
				LD_RUNPATH_SEARCH_PATHS = "$(inherited) @executable_path/Frameworks @loader_path/Frameworks";
				PRODUCT_BUNDLE_IDENTIFIER = com.connecthings.BeaconBoilerPlateTests;
				PRODUCT_NAME = "$(TARGET_NAME)";
				TEST_HOST = "$(BUILT_PRODUCTS_DIR)/BeaconBoilerPlate.app/BeaconBoilerPlate";
			};
			name = Debug;
		};
		147E464E1CA02C770088801F /* Release */ = {
			isa = XCBuildConfiguration;
			baseConfigurationReference = 778C0F3517C7CAD159E56602 /* Pods-BeaconBoilerPlateTests.release.xcconfig */;
			buildSettings = {
				BUNDLE_LOADER = "$(TEST_HOST)";
				INFOPLIST_FILE = BeaconBoilerPlateTests/Info.plist;
				LD_RUNPATH_SEARCH_PATHS = "$(inherited) @executable_path/Frameworks @loader_path/Frameworks";
				PRODUCT_BUNDLE_IDENTIFIER = com.connecthings.BeaconBoilerPlateTests;
				PRODUCT_NAME = "$(TARGET_NAME)";
				TEST_HOST = "$(BUILT_PRODUCTS_DIR)/BeaconBoilerPlate.app/BeaconBoilerPlate";
			};
			name = Release;
		};
		147E46501CA02C770088801F /* Debug */ = {
			isa = XCBuildConfiguration;
			baseConfigurationReference = 2FC318E4C36BF15323915BF6 /* Pods-BeaconBoilerPlateUITests.debug.xcconfig */;
			buildSettings = {
				INFOPLIST_FILE = BeaconBoilerPlateUITests/Info.plist;
				LD_RUNPATH_SEARCH_PATHS = "$(inherited) @executable_path/Frameworks @loader_path/Frameworks";
				PRODUCT_BUNDLE_IDENTIFIER = com.connecthings.BeaconBoilerPlateUITests;
				PRODUCT_NAME = "$(TARGET_NAME)";
				TEST_TARGET_NAME = BeaconBoilerPlate;
				USES_XCTRUNNER = YES;
			};
			name = Debug;
		};
		147E46511CA02C770088801F /* Release */ = {
			isa = XCBuildConfiguration;
			baseConfigurationReference = ECC30FB2E70AC4837AEC43E6 /* Pods-BeaconBoilerPlateUITests.release.xcconfig */;
			buildSettings = {
				INFOPLIST_FILE = BeaconBoilerPlateUITests/Info.plist;
				LD_RUNPATH_SEARCH_PATHS = "$(inherited) @executable_path/Frameworks @loader_path/Frameworks";
				PRODUCT_BUNDLE_IDENTIFIER = com.connecthings.BeaconBoilerPlateUITests;
				PRODUCT_NAME = "$(TARGET_NAME)";
				TEST_TARGET_NAME = BeaconBoilerPlate;
				USES_XCTRUNNER = YES;
			};
			name = Release;
		};
/* End XCBuildConfiguration section */

/* Begin XCConfigurationList section */
		147E46171CA02C770088801F /* Build configuration list for PBXProject "BeaconBoilerPlate" */ = {
			isa = XCConfigurationList;
			buildConfigurations = (
				147E46471CA02C770088801F /* Debug */,
				147E46481CA02C770088801F /* Release */,
			);
			defaultConfigurationIsVisible = 0;
			defaultConfigurationName = Release;
		};
		147E46491CA02C770088801F /* Build configuration list for PBXNativeTarget "BeaconBoilerPlate" */ = {
			isa = XCConfigurationList;
			buildConfigurations = (
				147E464A1CA02C770088801F /* Debug */,
				147E464B1CA02C770088801F /* Release */,
			);
			defaultConfigurationIsVisible = 0;
			defaultConfigurationName = Release;
		};
		147E464C1CA02C770088801F /* Build configuration list for PBXNativeTarget "BeaconBoilerPlateTests" */ = {
			isa = XCConfigurationList;
			buildConfigurations = (
				147E464D1CA02C770088801F /* Debug */,
				147E464E1CA02C770088801F /* Release */,
			);
			defaultConfigurationIsVisible = 0;
			defaultConfigurationName = Release;
		};
		147E464F1CA02C770088801F /* Build configuration list for PBXNativeTarget "BeaconBoilerPlateUITests" */ = {
			isa = XCConfigurationList;
			buildConfigurations = (
				147E46501CA02C770088801F /* Debug */,
				147E46511CA02C770088801F /* Release */,
			);
			defaultConfigurationIsVisible = 0;
			defaultConfigurationName = Release;
		};
/* End XCConfigurationList section */
	};
	rootObject = 147E46141CA02C770088801F /* Project object */;
}
